<?xml version="1.0" encoding="utf-8"?>
<Project ToolsVersion="4.0" xmlns="http://schemas.microsoft.com/developer/msbuild/2003">
  <ItemGroup>
    <Filter Include="Source Files">
      <UniqueIdentifier>{4FC737F1-C7A5-4376-A066-2A32D752A2FF}</UniqueIdentifier>
      <Extensions>qml;cpp;c;cc;cxx;def;odl;idl;hpj;bat;asm;asmx</Extensions>
    </Filter>
    <Filter Include="Header Files">
      <UniqueIdentifier>{93995380-89BD-4b04-88EB-625FBE52EBFB}</UniqueIdentifier>
      <Extensions>h;hh;hpp;hxx;hm;inl;inc;xsd</Extensions>
    </Filter>
    <Filter Include="Resource Files">
      <UniqueIdentifier>{67DA6AB6-F800-4c08-8B7A-83BB121AAD01}</UniqueIdentifier>
      <Extensions>qrc;rc;ico;cur;bmp;dlg;rc2;rct;bin;rgs;gif;jpg;jpeg;jpe;resx;tiff;tif;png;wav;mfcribbon-ms</Extensions>
    </Filter>
    <Filter Include="Form Files">
      <UniqueIdentifier>{99349809-55BA-4b9d-BF79-8FDBB0286EB3}</UniqueIdentifier>
      <Extensions>ui</Extensions>
    </Filter>
    <Filter Include="Translation Files">
      <UniqueIdentifier>{639EADAA-A684-42e4-A9AD-28FC9BCB8F7C}</UniqueIdentifier>
      <Extensions>ts</Extensions>
    </Filter>
    <Filter Include="Header Files\pmp">
      <UniqueIdentifier>{4cad3a6d-250f-4eb2-bfdd-53219ef6b4ab}</UniqueIdentifier>
    </Filter>
    <Filter Include="Header Files\pmp\io">
      <UniqueIdentifier>{a2c47c38-2101-4a5c-8159-9ff0a2bf9a50}</UniqueIdentifier>
    </Filter>
    <Filter Include="Source Files\pmp">
      <UniqueIdentifier>{4eba281d-c622-455f-a930-982d5bbe4f4e}</UniqueIdentifier>
    </Filter>
    <Filter Include="Source Files\pmp\io">
      <UniqueIdentifier>{102d84d0-8cf0-4ad6-ba57-79e6a7987dbf}</UniqueIdentifier>
    </Filter>
    <Filter Include="Header Files\pmp\algorithms">
      <UniqueIdentifier>{ad0485f7-4064-4ca3-8adf-6d4a55c087c6}</UniqueIdentifier>
    </Filter>
    <Filter Include="Source Files\pmp\algorithms">
      <UniqueIdentifier>{31fde283-45f8-40d3-8c1e-3b9ad830f16b}</UniqueIdentifier>
    </Filter>
  </ItemGroup>
  <ItemGroup>
    <QtRcc Include="QTViewer.qrc">
      <Filter>Resource Files</Filter>
    </QtRcc>
    <QtUic Include="QTViewer.ui">
      <Filter>Form Files</Filter>
    </QtUic>
  </ItemGroup>
  <ItemGroup>
    <ClCompile Include="src\QTViewer.cpp">
      <Filter>Source Files</Filter>
    </ClCompile>
    <ClCompile Include="src\main.cpp">
      <Filter>Source Files</Filter>
    </ClCompile>
    <ClCompile Include="src\DrawComponent.cpp">
      <Filter>Source Files</Filter>
    </ClCompile>
    <ClCompile Include="src\Viewer.cpp">
      <Filter>Source Files</Filter>
    </ClCompile>
    <ClCompile Include="src\pmp\io\write_stl.cpp">
      <Filter>Source Files\pmp\io</Filter>
    </ClCompile>
    <ClCompile Include="src\pmp\io\io.cpp">
      <Filter>Source Files\pmp\io</Filter>
    </ClCompile>
    <ClCompile Include="src\pmp\io\read_obj.cpp">
      <Filter>Source Files\pmp\io</Filter>
    </ClCompile>
    <ClCompile Include="src\pmp\io\read_off.cpp">
      <Filter>Source Files\pmp\io</Filter>
    </ClCompile>
    <ClCompile Include="src\pmp\io\read_pmp.cpp">
      <Filter>Source Files\pmp\io</Filter>
    </ClCompile>
    <ClCompile Include="src\pmp\io\read_stl.cpp">
      <Filter>Source Files\pmp\io</Filter>
    </ClCompile>
    <ClCompile Include="src\pmp\io\write_obj.cpp">
      <Filter>Source Files\pmp\io</Filter>
    </ClCompile>
    <ClCompile Include="src\pmp\io\write_off.cpp">
      <Filter>Source Files\pmp\io</Filter>
    </ClCompile>
    <ClCompile Include="src\pmp\io\write_pmp.cpp">
      <Filter>Source Files\pmp\io</Filter>
    </ClCompile>
    <ClCompile Include="src\pmp\algorithms\utilities.cpp">
      <Filter>Source Files\pmp\algorithms</Filter>
    </ClCompile>
    <ClCompile Include="src\pmp\algorithms\curvature.cpp">
      <Filter>Source Files\pmp\algorithms</Filter>
    </ClCompile>
    <ClCompile Include="src\pmp\algorithms\decimation.cpp">
      <Filter>Source Files\pmp\algorithms</Filter>
    </ClCompile>
    <ClCompile Include="src\pmp\algorithms\differential_geometry.cpp">
      <Filter>Source Files\pmp\algorithms</Filter>
    </ClCompile>
    <ClCompile Include="src\pmp\algorithms\distance_point_triangle.cpp">
      <Filter>Source Files\pmp\algorithms</Filter>
    </ClCompile>
    <ClCompile Include="src\pmp\algorithms\fairing.cpp">
      <Filter>Source Files\pmp\algorithms</Filter>
    </ClCompile>
    <ClCompile Include="src\pmp\algorithms\features.cpp">
      <Filter>Source Files\pmp\algorithms</Filter>
    </ClCompile>
    <ClCompile Include="src\pmp\algorithms\geodesics.cpp">
      <Filter>Source Files\pmp\algorithms</Filter>
    </ClCompile>
    <ClCompile Include="src\pmp\algorithms\hole_filling.cpp">
      <Filter>Source Files\pmp\algorithms</Filter>
    </ClCompile>
    <ClCompile Include="src\pmp\algorithms\laplace.cpp">
      <Filter>Source Files\pmp\algorithms</Filter>
    </ClCompile>
    <ClCompile Include="src\pmp\algorithms\normals.cpp">
      <Filter>Source Files\pmp\algorithms</Filter>
    </ClCompile>
    <ClCompile Include="src\pmp\algorithms\numerics.cpp">
      <Filter>Source Files\pmp\algorithms</Filter>
    </ClCompile>
    <ClCompile Include="src\pmp\algorithms\parameterization.cpp">
      <Filter>Source Files\pmp\algorithms</Filter>
    </ClCompile>
    <ClCompile Include="src\pmp\algorithms\remeshing.cpp">
      <Filter>Source Files\pmp\algorithms</Filter>
    </ClCompile>
    <ClCompile Include="src\pmp\algorithms\shapes.cpp">
      <Filter>Source Files\pmp\algorithms</Filter>
    </ClCompile>
    <ClCompile Include="src\pmp\algorithms\smoothing.cpp">
      <Filter>Source Files\pmp\algorithms</Filter>
    </ClCompile>
    <ClCompile Include="src\pmp\algorithms\subdivision.cpp">
      <Filter>Source Files\pmp\algorithms</Filter>
    </ClCompile>
    <ClCompile Include="src\pmp\algorithms\triangulation.cpp">
      <Filter>Source Files\pmp\algorithms</Filter>
    </ClCompile>
    <ClCompile Include="src\pmp\surface_mesh.cpp">
      <Filter>Source Files\pmp</Filter>
    </ClCompile>
  </ItemGroup>
  <ItemGroup>
    <QtMoc Include="src\QTViewer.h">
      <Filter>Header Files</Filter>
    </QtMoc>
  </ItemGroup>
  <ItemGroup>
    <ClInclude Include="src\Viewer.h">
      <Filter>Header Files</Filter>
    </ClInclude>
    <ClInclude Include="src\DrawComponent.h">
      <Filter>Header Files</Filter>
    </ClInclude>
    <ClInclude Include="src\pmp\io\write_stl.h">
      <Filter>Header Files\pmp\io</Filter>
    </ClInclude>
    <ClInclude Include="src\pmp\io\helpers.h">
      <Filter>Header Files\pmp\io</Filter>
    </ClInclude>
    <ClInclude Include="src\pmp\io\io.h">
      <Filter>Header Files\pmp\io</Filter>
    </ClInclude>
    <ClInclude Include="src\pmp\io\io_flags.h">
      <Filter>Header Files\pmp\io</Filter>
    </ClInclude>
    <ClInclude Include="src\pmp\io\read_obj.h">
      <Filter>Header Files\pmp\io</Filter>
    </ClInclude>
    <ClInclude Include="src\pmp\io\read_off.h">
      <Filter>Header Files\pmp\io</Filter>
    </ClInclude>
    <ClInclude Include="src\pmp\io\read_pmp.h">
      <Filter>Header Files\pmp\io</Filter>
    </ClInclude>
    <ClInclude Include="src\pmp\io\read_stl.h">
      <Filter>Header Files\pmp\io</Filter>
    </ClInclude>
    <ClInclude Include="src\pmp\io\write_obj.h">
      <Filter>Header Files\pmp\io</Filter>
    </ClInclude>
    <ClInclude Include="src\pmp\io\write_off.h">
      <Filter>Header Files\pmp\io</Filter>
    </ClInclude>
    <ClInclude Include="src\pmp\io\write_pmp.h">
      <Filter>Header Files\pmp\io</Filter>
    </ClInclude>
    <ClInclude Include="src\pmp\algorithms\utilities.h">
      <Filter>Header Files\pmp\algorithms</Filter>
    </ClInclude>
    <ClInclude Include="src\pmp\algorithms\barycentric_coordinates.h">
      <Filter>Header Files\pmp\algorithms</Filter>
    </ClInclude>
    <ClInclude Include="src\pmp\algorithms\curvature.h">
      <Filter>Header Files\pmp\algorithms</Filter>
    </ClInclude>
    <ClInclude Include="src\pmp\algorithms\decimation.h">
      <Filter>Header Files\pmp\algorithms</Filter>
    </ClInclude>
    <ClInclude Include="src\pmp\algorithms\differential_geometry.h">
      <Filter>Header Files\pmp\algorithms</Filter>
    </ClInclude>
    <ClInclude Include="src\pmp\algorithms\distance_point_triangle.h">
      <Filter>Header Files\pmp\algorithms</Filter>
    </ClInclude>
    <ClInclude Include="src\pmp\algorithms\fairing.h">
      <Filter>Header Files\pmp\algorithms</Filter>
    </ClInclude>
    <ClInclude Include="src\pmp\algorithms\features.h">
      <Filter>Header Files\pmp\algorithms</Filter>
    </ClInclude>
    <ClInclude Include="src\pmp\algorithms\geodesics.h">
      <Filter>Header Files\pmp\algorithms</Filter>
    </ClInclude>
    <ClInclude Include="src\pmp\algorithms\hole_filling.h">
      <Filter>Header Files\pmp\algorithms</Filter>
    </ClInclude>
    <ClInclude Include="src\pmp\algorithms\laplace.h">
      <Filter>Header Files\pmp\algorithms</Filter>
    </ClInclude>
    <ClInclude Include="src\pmp\algorithms\normals.h">
      <Filter>Header Files\pmp\algorithms</Filter>
    </ClInclude>
    <ClInclude Include="src\pmp\algorithms\numerics.h">
      <Filter>Header Files\pmp\algorithms</Filter>
    </ClInclude>
    <ClInclude Include="src\pmp\algorithms\parameterization.h">
      <Filter>Header Files\pmp\algorithms</Filter>
    </ClInclude>
    <ClInclude Include="src\pmp\algorithms\remeshing.h">
      <Filter>Header Files\pmp\algorithms</Filter>
    </ClInclude>
    <ClInclude Include="src\pmp\algorithms\shapes.h">
      <Filter>Header Files\pmp\algorithms</Filter>
    </ClInclude>
    <ClInclude Include="src\pmp\algorithms\smoothing.h">
      <Filter>Header Files\pmp\algorithms</Filter>
    </ClInclude>
    <ClInclude Include="src\pmp\algorithms\subdivision.h">
      <Filter>Header Files\pmp\algorithms</Filter>
    </ClInclude>
    <ClInclude Include="src\pmp\algorithms\triangulation.h">
      <Filter>Header Files\pmp\algorithms</Filter>
    </ClInclude>
    <ClInclude Include="src\pmp\bounding_box.h">
      <Filter>Header Files\pmp</Filter>
    </ClInclude>
    <ClInclude Include="src\pmp\exceptions.h">
      <Filter>Header Files\pmp</Filter>
    </ClInclude>
    <ClInclude Include="src\pmp\mat_vec.h">
      <Filter>Header Files\pmp</Filter>
    </ClInclude>
    <ClInclude Include="src\pmp\memory_usage.h">
      <Filter>Header Files\pmp</Filter>
    </ClInclude>
    <ClInclude Include="src\pmp\properties.h">
      <Filter>Header Files\pmp</Filter>
    </ClInclude>
    <ClInclude Include="src\pmp\stop_watch.h">
      <Filter>Header Files\pmp</Filter>
    </ClInclude>
    <ClInclude Include="src\pmp\surface_mesh.h">
      <Filter>Header Files\pmp</Filter>
    </ClInclude>
    <ClInclude Include="src\pmp\types.h">
      <Filter>Header Files\pmp</Filter>
    </ClInclude>
  </ItemGroup>
</Project>